
Microsoft Visual Studio Solution File, Format Version 12.00
# Visual Studio Version 17
VisualStudioVersion = 17.1.32210.238
MinimumVisualStudioVersion = 10.0.40219.1
Project("{9A19103F-16F7-4668-BE54-9A1E7A4F7556}") = "GeeSuthSoft.ToolKit.Pdf", "GeeSuthSoft.ToolKit.Pdf\GeeSuthSoft.ToolKit.Pdf.csproj", "{E862A77F-AC3C-42E6-8555-26ED7DEA259C}"
EndProject
Project("{9A19103F-16F7-4668-BE54-9A1E7A4F7556}") = "GeeSuthSoft.ToolKit.Pdf.Models", "GeeSuthSoft.ToolKit.Pdf.Models\GeeSuthSoft.ToolKit.Pdf.Models.csproj", "{2BF8F7B3-4ADE-4C2D-A83C-9A542AB4F6EB}"
EndProject
Project("{9A19103F-16F7-4668-BE54-9A1E7A4F7556}") = "GeeSuthSoft.ToolKit.Pdf.Xunit", "GeeSuthSoft.ToolKit.Pdf.Xunit\GeeSuthSoft.ToolKit.Pdf.Xunit.csproj", "{8286DF68-7A9F-4E34-94DD-A9559EE93294}"
EndProject
Project("{FAE04EC0-301F-11D3-BF4B-00C04F79EFBC}") = "GeeSuthSoft.ToolKit.Pdf.Test.Web", "GeeSuthSoft.ToolKit.Pdf.Test.Web\GeeSuthSoft.ToolKit.Pdf.Test.Web.csproj", "{4E481BC1-FFA8-422B-81C4-509F76A05BF0}"
EndProject
Global
	GlobalSection(SolutionConfigurationPlatforms) = preSolution
		Debug|Any CPU = Debug|Any CPU
		Release|Any CPU = Release|Any CPU
	EndGlobalSection
	GlobalSection(ProjectConfigurationPlatforms) = postSolution
		{E862A77F-AC3C-42E6-8555-26ED7DEA259C}.Debug|Any CPU.ActiveCfg = Debug|Any CPU
		{E862A77F-AC3C-42E6-8555-26ED7DEA259C}.Debug|Any CPU.Build.0 = Debug|Any CPU
		{E862A77F-AC3C-42E6-8555-26ED7DEA259C}.Release|Any CPU.ActiveCfg = Release|Any CPU
		{E862A77F-AC3C-42E6-8555-26ED7DEA259C}.Release|Any CPU.Build.0 = Release|Any CPU
		{2BF8F7B3-4ADE-4C2D-A83C-9A542AB4F6EB}.Debug|Any CPU.ActiveCfg = Debug|Any CPU
		{2BF8F7B3-4ADE-4C2D-A83C-9A542AB4F6EB}.Debug|Any CPU.Build.0 = Debug|Any CPU
		{2BF8F7B3-4ADE-4C2D-A83C-9A542AB4F6EB}.Release|Any CPU.ActiveCfg = Release|Any CPU
		{2BF8F7B3-4ADE-4C2D-A83C-9A542AB4F6EB}.Release|Any CPU.Build.0 = Release|Any CPU
		{8286DF68-7A9F-4E34-94DD-A9559EE93294}.Debug|Any CPU.ActiveCfg = Debug|Any CPU
		{8286DF68-7A9F-4E34-94DD-A9559EE93294}.Debug|Any CPU.Build.0 = Debug|Any CPU
		{8286DF68-7A9F-4E34-94DD-A9559EE93294}.Release|Any CPU.ActiveCfg = Release|Any CPU
		{8286DF68-7A9F-4E34-94DD-A9559EE93294}.Release|Any CPU.Build.0 = Release|Any CPU
		{4E481BC1-FFA8-422B-81C4-509F76A05BF0}.Debug|Any CPU.ActiveCfg = Debug|Any CPU
		{4E481BC1-FFA8-422B-81C4-509F76A05BF0}.Debug|Any CPU.Build.0 = Debug|Any CPU
		{4E481BC1-FFA8-422B-81C4-509F76A05BF0}.Release|Any CPU.ActiveCfg = Release|Any CPU
		{4E481BC1-FFA8-422B-81C4-509F76A05BF0}.Release|Any CPU.Build.0 = Release|Any CPU
	EndGlobalSection
	GlobalSection(SolutionProperties) = preSolution
		HideSolutionNode = FALSE
	EndGlobalSection
	GlobalSection(ExtensibilityGlobals) = postSolution
		SolutionGuid = {CE4B615F-4F4A-4B06-A443-E5858131DF6C}
	EndGlobalSection
EndGlobal
